
Microsoft Visual Studio Solution File, Format Version 12.00
# Visual Studio Version 17
VisualStudioVersion = 17.0.32014.148
MinimumVisualStudioVersion = 10.0.40219.1
Project("{FAE04EC0-301F-11D3-BF4B-00C04F79EFBC}") = "ALM_Sistemator", "ALM_Sistemator\ALM_Sistemator.csproj", "{CA6274FF-CCF6-4656-B7F1-429C5D4EE75F}"
EndProject
Global
	GlobalSection(SolutionConfigurationPlatforms) = preSolution
		Debug|Any CPU = Debug|Any CPU
		Release|Any CPU = Release|Any CPU
	EndGlobalSection
	GlobalSection(ProjectConfigurationPlatforms) = postSolution
		{CA6274FF-CCF6-4656-B7F1-429C5D4EE75F}.Debug|Any CPU.ActiveCfg = Debug|Any CPU
		{CA6274FF-CCF6-4656-B7F1-429C5D4EE75F}.Debug|Any CPU.Build.0 = Debug|Any CPU
		{CA6274FF-CCF6-4656-B7F1-429C5D4EE75F}.Release|Any CPU.ActiveCfg = Release|Any CPU
		{CA6274FF-CCF6-4656-B7F1-429C5D4EE75F}.Release|Any CPU.Build.0 = Release|Any CPU
	EndGlobalSection
	GlobalSection(SolutionProperties) = preSolution
		HideSolutionNode = FALSE
	EndGlobalSection
	GlobalSection(ExtensibilityGlobals) = postSolution
		SolutionGuid = {D568D100-719E-4285-A7F7-5E13284F15F3}
	EndGlobalSection
EndGlobal
